
Microsoft Visual Studio Solution File, Format Version 12.00
# Visual Studio Version 17
VisualStudioVersion = 17.11.35327.3
MinimumVisualStudioVersion = 10.0.40219.1
Project("{9A19103F-16F7-4668-BE54-9A1E7A4F7556}") = "Simulator", "Simulator\Simulator.csproj", "{CF220C0B-B909-430E-91A6-9FA37CA2A91F}"
EndProject
Project("{9A19103F-16F7-4668-BE54-9A1E7A4F7556}") = "Runner", "Runner\Runner.csproj", "{1A3B0531-3F0C-4ABC-871D-054BE5F02C94}"
EndProject
Project("{9A19103F-16F7-4668-BE54-9A1E7A4F7556}") = "TestSimulator", "TestSimulator\TestSimulator.csproj", "{B2137225-BE90-422C-B0BC-BAA161D39F5A}"
EndProject
Project("{FAE04EC0-301F-11D3-BF4B-00C04F79EFBC}") = "SimConsole", "SimConsole\SimConsole.csproj", "{5DC1A335-A34D-4A9B-9014-216C4D84DE9C}"
EndProject
Global
	GlobalSection(SolutionConfigurationPlatforms) = preSolution
		Debug|Any CPU = Debug|Any CPU
		Release|Any CPU = Release|Any CPU
	EndGlobalSection
	GlobalSection(ProjectConfigurationPlatforms) = postSolution
		{CF220C0B-B909-430E-91A6-9FA37CA2A91F}.Debug|Any CPU.ActiveCfg = Debug|Any CPU
		{CF220C0B-B909-430E-91A6-9FA37CA2A91F}.Debug|Any CPU.Build.0 = Debug|Any CPU
		{CF220C0B-B909-430E-91A6-9FA37CA2A91F}.Release|Any CPU.ActiveCfg = Release|Any CPU
		{CF220C0B-B909-430E-91A6-9FA37CA2A91F}.Release|Any CPU.Build.0 = Release|Any CPU
		{1A3B0531-3F0C-4ABC-871D-054BE5F02C94}.Debug|Any CPU.ActiveCfg = Debug|Any CPU
		{1A3B0531-3F0C-4ABC-871D-054BE5F02C94}.Debug|Any CPU.Build.0 = Debug|Any CPU
		{1A3B0531-3F0C-4ABC-871D-054BE5F02C94}.Release|Any CPU.ActiveCfg = Release|Any CPU
		{1A3B0531-3F0C-4ABC-871D-054BE5F02C94}.Release|Any CPU.Build.0 = Release|Any CPU
		{B2137225-BE90-422C-B0BC-BAA161D39F5A}.Debug|Any CPU.ActiveCfg = Debug|Any CPU
		{B2137225-BE90-422C-B0BC-BAA161D39F5A}.Debug|Any CPU.Build.0 = Debug|Any CPU
		{B2137225-BE90-422C-B0BC-BAA161D39F5A}.Release|Any CPU.ActiveCfg = Release|Any CPU
		{B2137225-BE90-422C-B0BC-BAA161D39F5A}.Release|Any CPU.Build.0 = Release|Any CPU
		{5DC1A335-A34D-4A9B-9014-216C4D84DE9C}.Debug|Any CPU.ActiveCfg = Debug|Any CPU
		{5DC1A335-A34D-4A9B-9014-216C4D84DE9C}.Debug|Any CPU.Build.0 = Debug|Any CPU
		{5DC1A335-A34D-4A9B-9014-216C4D84DE9C}.Release|Any CPU.ActiveCfg = Release|Any CPU
		{5DC1A335-A34D-4A9B-9014-216C4D84DE9C}.Release|Any CPU.Build.0 = Release|Any CPU
	EndGlobalSection
	GlobalSection(SolutionProperties) = preSolution
		HideSolutionNode = FALSE
	EndGlobalSection
	GlobalSection(ExtensibilityGlobals) = postSolution
		SolutionGuid = {385267B6-2490-4B5F-84F2-DF57D80A427B}
	EndGlobalSection
EndGlobal
